<?xml version="1.0" encoding="utf-8"?>
<Project ToolsVersion="4.0" xmlns="http://schemas.microsoft.com/developer/msbuild/2003">
  <ItemGroup>
    <ClCompile Include="main.cpp" />
    <ClCompile Include="CoreWindow.cpp">
      <Filter>Source</Filter>
    </ClCompile>
    <ClCompile Include="CoreApplication.cpp">
      <Filter>Source</Filter>
    </ClCompile>
  </ItemGroup>
  <ItemGroup>
    <Filter Include="Header">
      <UniqueIdentifier>{66970083-76e9-4c19-b6f6-abf1fef2012c}</UniqueIdentifier>
    </Filter>
    <Filter Include="Source">
      <UniqueIdentifier>{4e4054b5-eb83-43a9-ac09-f9c87c4d18c9}</UniqueIdentifier>
    </Filter>
  </ItemGroup>
  <ItemGroup>
    <ClInclude Include="CoreWindow.hpp">
      <Filter>Header</Filter>
    </ClInclude>
    <ClInclude Include="CoreApplication.hpp">
      <Filter>Header</Filter>
    </ClInclude>
    <ClInclude Include="typedef.hpp">
      <Filter>Header</Filter>
    </ClInclude>
  </ItemGroup>
</Project>